
Microsoft Visual Studio Solution File, Format Version 12.00
# Visual Studio Version 17
VisualStudioVersion = 17.5.002.0
MinimumVisualStudioVersion = 10.0.40219.1
Project("{2150E333-8FDC-42A3-9474-1A3956D46DE8}") = "sandbox", "sandbox", "{1EC40362-CE1A-4353-870F-5CB699E9C3CB}"
EndProject
Project("{9A19103F-16F7-4668-BE54-9A1E7A4F7556}") = "sandbox_project", "sandbox\sandbox_project\sandbox_project.csproj", "{F66443B7-B01A-484C-86B2-6FB2734F4614}"
EndProject
Project("{2150E333-8FDC-42A3-9474-1A3956D46DE8}") = "week01", "week01", "{861BD2E8-7308-4680-B7A8-BF08143D93D1}"
EndProject
Project("{9A19103F-16F7-4668-BE54-9A1E7A4F7556}") = "analyze", "week01\analyze\analyze.csproj", "{F4AA48B8-A565-437B-A3C3-A87071554487}"
EndProject
Project("{9A19103F-16F7-4668-BE54-9A1E7A4F7556}") = "code", "week01\code\code.csproj", "{D299B2FD-BB5C-4BE0-B729-B2A5C007503E}"
EndProject
Project("{9A19103F-16F7-4668-BE54-9A1E7A4F7556}") = "teach", "week01\teach\teach.csproj", "{6670C3EC-0251-473F-8BCB-0612B3565670}"
EndProject
Project("{2150E333-8FDC-42A3-9474-1A3956D46DE8}") = "week02", "week02", "{9B8AE2A1-AA97-4AC6-878C-49FF801738A0}"
EndProject
Project("{9A19103F-16F7-4668-BE54-9A1E7A4F7556}") = "analyze", "week02\analyze\analyze.csproj", "{9C38EFA7-C69A-4D36-B01F-E92A7B403C96}"
EndProject
Project("{9A19103F-16F7-4668-BE54-9A1E7A4F7556}") = "code", "week02\code\code.csproj", "{62D2D224-6A86-445A-A58D-A81EF94E6BC1}"
EndProject
Project("{9A19103F-16F7-4668-BE54-9A1E7A4F7556}") = "learn", "week02\learn\learn.csproj", "{B43FC0BC-D8B4-498C-AE09-90A3C3FA8477}"
EndProject
Project("{9A19103F-16F7-4668-BE54-9A1E7A4F7556}") = "teach", "week02\teach\teach.csproj", "{B37FCEA0-0CF0-464E-A1AF-10E1C060CE25}"
EndProject
Project("{2150E333-8FDC-42A3-9474-1A3956D46DE8}") = "week03", "week03", "{E2D5C3EC-936E-41F4-93B3-F7005D961980}"
EndProject
Project("{9A19103F-16F7-4668-BE54-9A1E7A4F7556}") = "code", "week03\code\code.csproj", "{108A5263-4301-4651-ACC4-DF1932EC3F61}"
EndProject
Project("{9A19103F-16F7-4668-BE54-9A1E7A4F7556}") = "learn", "week03\learn\learn.csproj", "{505DE1C4-B363-4658-B839-A8372F580E6F}"
EndProject
Project("{9A19103F-16F7-4668-BE54-9A1E7A4F7556}") = "teach", "week03\teach\teach.csproj", "{6545E6AC-E2C7-4443-9342-9435B8213A3E}"
EndProject
Project("{2150E333-8FDC-42A3-9474-1A3956D46DE8}") = "week04", "week04", "{5A0A47FC-87D3-4023-8D85-6E84C99C03CB}"
EndProject
Project("{9A19103F-16F7-4668-BE54-9A1E7A4F7556}") = "code", "week04\code\code.csproj", "{FF65B6B1-DEBF-4780-813F-8EAF10AF1B4A}"
EndProject
Project("{2150E333-8FDC-42A3-9474-1A3956D46DE8}") = "week05", "week05", "{93D27A57-F0E1-4771-8597-D857F28F165D}"
EndProject
Project("{9A19103F-16F7-4668-BE54-9A1E7A4F7556}") = "code", "week05\code\code.csproj", "{BD6F57DA-7987-4919-A9A5-76B89FB5E3D0}"
EndProject
Project("{2150E333-8FDC-42A3-9474-1A3956D46DE8}") = "week06", "week06", "{C290D490-2A23-4141-8B3C-3B662A9D3DE5}"
EndProject
Project("{9A19103F-16F7-4668-BE54-9A1E7A4F7556}") = "code", "week06\code\code.csproj", "{EF8C5624-6D4A-4484-A1B7-4C4910DFBC3D}"
EndProject
Global
	GlobalSection(SolutionConfigurationPlatforms) = preSolution
		Debug|Any CPU = Debug|Any CPU
		Release|Any CPU = Release|Any CPU
	EndGlobalSection
	GlobalSection(ProjectConfigurationPlatforms) = postSolution
		{F66443B7-B01A-484C-86B2-6FB2734F4614}.Debug|Any CPU.ActiveCfg = Debug|Any CPU
		{F66443B7-B01A-484C-86B2-6FB2734F4614}.Debug|Any CPU.Build.0 = Debug|Any CPU
		{F66443B7-B01A-484C-86B2-6FB2734F4614}.Release|Any CPU.ActiveCfg = Release|Any CPU
		{F66443B7-B01A-484C-86B2-6FB2734F4614}.Release|Any CPU.Build.0 = Release|Any CPU
		{F4AA48B8-A565-437B-A3C3-A87071554487}.Debug|Any CPU.ActiveCfg = Debug|Any CPU
		{F4AA48B8-A565-437B-A3C3-A87071554487}.Debug|Any CPU.Build.0 = Debug|Any CPU
		{F4AA48B8-A565-437B-A3C3-A87071554487}.Release|Any CPU.ActiveCfg = Release|Any CPU
		{F4AA48B8-A565-437B-A3C3-A87071554487}.Release|Any CPU.Build.0 = Release|Any CPU
		{D299B2FD-BB5C-4BE0-B729-B2A5C007503E}.Debug|Any CPU.ActiveCfg = Debug|Any CPU
		{D299B2FD-BB5C-4BE0-B729-B2A5C007503E}.Debug|Any CPU.Build.0 = Debug|Any CPU
		{D299B2FD-BB5C-4BE0-B729-B2A5C007503E}.Release|Any CPU.ActiveCfg = Release|Any CPU
		{D299B2FD-BB5C-4BE0-B729-B2A5C007503E}.Release|Any CPU.Build.0 = Release|Any CPU
		{6670C3EC-0251-473F-8BCB-0612B3565670}.Debug|Any CPU.ActiveCfg = Debug|Any CPU
		{6670C3EC-0251-473F-8BCB-0612B3565670}.Debug|Any CPU.Build.0 = Debug|Any CPU
		{6670C3EC-0251-473F-8BCB-0612B3565670}.Release|Any CPU.ActiveCfg = Release|Any CPU
		{6670C3EC-0251-473F-8BCB-0612B3565670}.Release|Any CPU.Build.0 = Release|Any CPU
		{9C38EFA7-C69A-4D36-B01F-E92A7B403C96}.Debug|Any CPU.ActiveCfg = Debug|Any CPU
		{9C38EFA7-C69A-4D36-B01F-E92A7B403C96}.Debug|Any CPU.Build.0 = Debug|Any CPU
		{9C38EFA7-C69A-4D36-B01F-E92A7B403C96}.Release|Any CPU.ActiveCfg = Release|Any CPU
		{9C38EFA7-C69A-4D36-B01F-E92A7B403C96}.Release|Any CPU.Build.0 = Release|Any CPU
		{62D2D224-6A86-445A-A58D-A81EF94E6BC1}.Debug|Any CPU.ActiveCfg = Debug|Any CPU
		{62D2D224-6A86-445A-A58D-A81EF94E6BC1}.Debug|Any CPU.Build.0 = Debug|Any CPU
		{62D2D224-6A86-445A-A58D-A81EF94E6BC1}.Release|Any CPU.ActiveCfg = Release|Any CPU
		{62D2D224-6A86-445A-A58D-A81EF94E6BC1}.Release|Any CPU.Build.0 = Release|Any CPU
		{B43FC0BC-D8B4-498C-AE09-90A3C3FA8477}.Debug|Any CPU.ActiveCfg = Debug|Any CPU
		{B43FC0BC-D8B4-498C-AE09-90A3C3FA8477}.Debug|Any CPU.Build.0 = Debug|Any CPU
		{B43FC0BC-D8B4-498C-AE09-90A3C3FA8477}.Release|Any CPU.ActiveCfg = Release|Any CPU
		{B43FC0BC-D8B4-498C-AE09-90A3C3FA8477}.Release|Any CPU.Build.0 = Release|Any CPU
		{B37FCEA0-0CF0-464E-A1AF-10E1C060CE25}.Debug|Any CPU.ActiveCfg = Debug|Any CPU
		{B37FCEA0-0CF0-464E-A1AF-10E1C060CE25}.Debug|Any CPU.Build.0 = Debug|Any CPU
		{B37FCEA0-0CF0-464E-A1AF-10E1C060CE25}.Release|Any CPU.ActiveCfg = Release|Any CPU
		{B37FCEA0-0CF0-464E-A1AF-10E1C060CE25}.Release|Any CPU.Build.0 = Release|Any CPU
		{108A5263-4301-4651-ACC4-DF1932EC3F61}.Debug|Any CPU.ActiveCfg = Debug|Any CPU
		{108A5263-4301-4651-ACC4-DF1932EC3F61}.Debug|Any CPU.Build.0 = Debug|Any CPU
		{108A5263-4301-4651-ACC4-DF1932EC3F61}.Release|Any CPU.ActiveCfg = Release|Any CPU
		{108A5263-4301-4651-ACC4-DF1932EC3F61}.Release|Any CPU.Build.0 = Release|Any CPU
		{505DE1C4-B363-4658-B839-A8372F580E6F}.Debug|Any CPU.ActiveCfg = Debug|Any CPU
		{505DE1C4-B363-4658-B839-A8372F580E6F}.Debug|Any CPU.Build.0 = Debug|Any CPU
		{505DE1C4-B363-4658-B839-A8372F580E6F}.Release|Any CPU.ActiveCfg = Release|Any CPU
		{505DE1C4-B363-4658-B839-A8372F580E6F}.Release|Any CPU.Build.0 = Release|Any CPU
		{6545E6AC-E2C7-4443-9342-9435B8213A3E}.Debug|Any CPU.ActiveCfg = Debug|Any CPU
		{6545E6AC-E2C7-4443-9342-9435B8213A3E}.Debug|Any CPU.Build.0 = Debug|Any CPU
		{6545E6AC-E2C7-4443-9342-9435B8213A3E}.Release|Any CPU.ActiveCfg = Release|Any CPU
		{6545E6AC-E2C7-4443-9342-9435B8213A3E}.Release|Any CPU.Build.0 = Release|Any CPU
		{FF65B6B1-DEBF-4780-813F-8EAF10AF1B4A}.Debug|Any CPU.ActiveCfg = Debug|Any CPU
		{FF65B6B1-DEBF-4780-813F-8EAF10AF1B4A}.Debug|Any CPU.Build.0 = Debug|Any CPU
		{FF65B6B1-DEBF-4780-813F-8EAF10AF1B4A}.Release|Any CPU.ActiveCfg = Release|Any CPU
		{FF65B6B1-DEBF-4780-813F-8EAF10AF1B4A}.Release|Any CPU.Build.0 = Release|Any CPU
		{BD6F57DA-7987-4919-A9A5-76B89FB5E3D0}.Debug|Any CPU.ActiveCfg = Debug|Any CPU
		{BD6F57DA-7987-4919-A9A5-76B89FB5E3D0}.Debug|Any CPU.Build.0 = Debug|Any CPU
		{BD6F57DA-7987-4919-A9A5-76B89FB5E3D0}.Release|Any CPU.ActiveCfg = Release|Any CPU
		{BD6F57DA-7987-4919-A9A5-76B89FB5E3D0}.Release|Any CPU.Build.0 = Release|Any CPU
		{EF8C5624-6D4A-4484-A1B7-4C4910DFBC3D}.Debug|Any CPU.ActiveCfg = Debug|Any CPU
		{EF8C5624-6D4A-4484-A1B7-4C4910DFBC3D}.Debug|Any CPU.Build.0 = Debug|Any CPU
		{EF8C5624-6D4A-4484-A1B7-4C4910DFBC3D}.Release|Any CPU.ActiveCfg = Release|Any CPU
		{EF8C5624-6D4A-4484-A1B7-4C4910DFBC3D}.Release|Any CPU.Build.0 = Release|Any CPU
	EndGlobalSection
	GlobalSection(SolutionProperties) = preSolution
		HideSolutionNode = FALSE
	EndGlobalSection
	GlobalSection(NestedProjects) = preSolution
		{F66443B7-B01A-484C-86B2-6FB2734F4614} = {1EC40362-CE1A-4353-870F-5CB699E9C3CB}
		{F4AA48B8-A565-437B-A3C3-A87071554487} = {861BD2E8-7308-4680-B7A8-BF08143D93D1}
		{D299B2FD-BB5C-4BE0-B729-B2A5C007503E} = {861BD2E8-7308-4680-B7A8-BF08143D93D1}
		{6670C3EC-0251-473F-8BCB-0612B3565670} = {861BD2E8-7308-4680-B7A8-BF08143D93D1}
		{9C38EFA7-C69A-4D36-B01F-E92A7B403C96} = {9B8AE2A1-AA97-4AC6-878C-49FF801738A0}
		{62D2D224-6A86-445A-A58D-A81EF94E6BC1} = {9B8AE2A1-AA97-4AC6-878C-49FF801738A0}
		{B43FC0BC-D8B4-498C-AE09-90A3C3FA8477} = {9B8AE2A1-AA97-4AC6-878C-49FF801738A0}
		{B37FCEA0-0CF0-464E-A1AF-10E1C060CE25} = {9B8AE2A1-AA97-4AC6-878C-49FF801738A0}
		{108A5263-4301-4651-ACC4-DF1932EC3F61} = {E2D5C3EC-936E-41F4-93B3-F7005D961980}
		{505DE1C4-B363-4658-B839-A8372F580E6F} = {E2D5C3EC-936E-41F4-93B3-F7005D961980}
		{6545E6AC-E2C7-4443-9342-9435B8213A3E} = {E2D5C3EC-936E-41F4-93B3-F7005D961980}
		{FF65B6B1-DEBF-4780-813F-8EAF10AF1B4A} = {5A0A47FC-87D3-4023-8D85-6E84C99C03CB}
		{BD6F57DA-7987-4919-A9A5-76B89FB5E3D0} = {93D27A57-F0E1-4771-8597-D857F28F165D}
		{EF8C5624-6D4A-4484-A1B7-4C4910DFBC3D} = {C290D490-2A23-4141-8B3C-3B662A9D3DE5}
	EndGlobalSection
	GlobalSection(ExtensibilityGlobals) = postSolution
		SolutionGuid = {DF79477D-5461-4C67-94C9-E52B55622458}
	EndGlobalSection
EndGlobal
